
Microsoft Visual Studio Solution File, Format Version 12.00
# Visual Studio Version 17
VisualStudioVersion = 17.0.31903.59
MinimumVisualStudioVersion = 10.0.40219.1
Project("{FAE04EC0-301F-11D3-BF4B-00C04F79EFBC}") = "CMS.API", "CMS.API\CMS.API.csproj", "{C0581B7B-118B-4A66-B0C4-3A0D373EA4CC}"
EndProject
Project("{FAE04EC0-301F-11D3-BF4B-00C04F79EFBC}") = "CMS.Infrastructure", "CMS.Infrastructure\CMS.Infrastructure.csproj", "{9B0DA3E0-2035-452B-B9B6-FEEA2F4BEBAE}"
EndProject
Project("{FAE04EC0-301F-11D3-BF4B-00C04F79EFBC}") = "CMS.Core", "CMS.Core\CMS.Core.csproj", "{7470C7A3-5B37-426D-9AF6-1C623465FB47}"
EndProject
Global
	GlobalSection(SolutionConfigurationPlatforms) = preSolution
		Debug|Any CPU = Debug|Any CPU
		Release|Any CPU = Release|Any CPU
	EndGlobalSection
	GlobalSection(SolutionProperties) = preSolution
		HideSolutionNode = FALSE
	EndGlobalSection
	GlobalSection(ProjectConfigurationPlatforms) = postSolution
		{C0581B7B-118B-4A66-B0C4-3A0D373EA4CC}.Debug|Any CPU.ActiveCfg = Debug|Any CPU
		{C0581B7B-118B-4A66-B0C4-3A0D373EA4CC}.Debug|Any CPU.Build.0 = Debug|Any CPU
		{C0581B7B-118B-4A66-B0C4-3A0D373EA4CC}.Release|Any CPU.ActiveCfg = Release|Any CPU
		{C0581B7B-118B-4A66-B0C4-3A0D373EA4CC}.Release|Any CPU.Build.0 = Release|Any CPU
		{9B0DA3E0-2035-452B-B9B6-FEEA2F4BEBAE}.Debug|Any CPU.ActiveCfg = Debug|Any CPU
		{9B0DA3E0-2035-452B-B9B6-FEEA2F4BEBAE}.Debug|Any CPU.Build.0 = Debug|Any CPU
		{9B0DA3E0-2035-452B-B9B6-FEEA2F4BEBAE}.Release|Any CPU.ActiveCfg = Release|Any CPU
		{9B0DA3E0-2035-452B-B9B6-FEEA2F4BEBAE}.Release|Any CPU.Build.0 = Release|Any CPU
		{7470C7A3-5B37-426D-9AF6-1C623465FB47}.Debug|Any CPU.ActiveCfg = Debug|Any CPU
		{7470C7A3-5B37-426D-9AF6-1C623465FB47}.Debug|Any CPU.Build.0 = Debug|Any CPU
		{7470C7A3-5B37-426D-9AF6-1C623465FB47}.Release|Any CPU.ActiveCfg = Release|Any CPU
		{7470C7A3-5B37-426D-9AF6-1C623465FB47}.Release|Any CPU.Build.0 = Release|Any CPU
	EndGlobalSection
EndGlobal
